{
  "name": "nodejs-cricket",
  "version": "1.0.0",
  "lockfileVersion": 1,
  "requires": true,
  "dependencies": {
    "active-x-obfuscator": {
      "version": "0.0.1",
      "resolved": "https://registry.npmjs.org/active-x-obfuscator/-/active-x-obfuscator-0.0.1.tgz",
      "integrity": "sha1-CJuJs3FF/x2ex0r2UwvlUmyuHxo=",
      "requires": {
        "zeparser": "0.0.5"
      }
    },
    "bluebird": {
      "version": "3.5.1",
      "resolved": "https://registry.npmjs.org/bluebird/-/bluebird-3.5.1.tgz",
      "integrity": "sha512-MKiLiV+I1AA596t9w1sQJ8jkiSr5+ZKi0WKrYGUn6d1Fx+Ij4tIj+m2WMQSGczs5jZVxV339chE8iwk6F64wjA=="
    },
    "carrier": {
      "version": "0.3.0",
      "resolved": "https://registry.npmjs.org/carrier/-/carrier-0.3.0.tgz",
      "integrity": "sha1-vSldHTp1JMrGPdd5uSnuIqNiutQ="
    },
    "commander": {
      "version": "2.1.0",
      "resolved": "https://registry.npmjs.org/commander/-/commander-2.1.0.tgz",
      "integrity": "sha1-0SG7roYNmZKj1Re6lvVliOR8Z4E="
    },
    "connection-parse": {
      "version": "0.0.7",
      "resolved": "https://registry.npmjs.org/connection-parse/-/connection-parse-0.0.7.tgz",
      "integrity": "sha1-GOcxiqsGppkmc3KxDFIm0locmmk="
    },
    "debug": {
      "version": "2.6.9",
      "resolved": "https://registry.npmjs.org/debug/-/debug-2.6.9.tgz",
      "integrity": "sha512-bC7ElrdJaJnPbAP+1EotYvqZsb3ecl5wi6Bfi6BJTUcNowp6cvspg0jXznRTKDjm/E7AdgFBVeAPVMNcKGsHMA==",
      "requires": {
        "ms": "2.0.0"
      }
    },
    "hashring": {
      "version": "3.2.0",
      "resolved": "https://registry.npmjs.org/hashring/-/hashring-3.2.0.tgz",
      "integrity": "sha1-/aTv3oqiLNuX+x0qZeiEAeHBRM4=",
      "requires": {
        "connection-parse": "0.0.7",
        "simple-lru-cache": "0.0.2"
      }
    },
    "immutable": {
      "version": "3.8.2",
      "resolved": "https://registry.npmjs.org/immutable/-/immutable-3.8.2.tgz",
      "integrity": "sha1-wkOZUUVbs5kT2vKBN28VMOEErfM="
    },
    "lodash": {
      "version": "4.17.4",
      "resolved": "https://registry.npmjs.org/lodash/-/lodash-4.17.4.tgz",
      "integrity": "sha1-eCA6TRwyiuHYbcpkYONptX9AVa4="
    },
    "memcache": {
      "version": "0.3.0",
      "resolved": "https://registry.npmjs.org/memcache/-/memcache-0.3.0.tgz",
      "integrity": "sha1-vbuXjqS+4P3TFmmXsYg9KX4IWdw="
    },
    "memcache-plus": {
      "version": "0.2.18",
      "resolved": "https://registry.npmjs.org/memcache-plus/-/memcache-plus-0.2.18.tgz",
      "integrity": "sha512-thZ9W8hrHUwdBByLc0phnAShwO2W5Be/I1XT7PmfyFktmpfmYtAiYgswZFT4yePsOQHqqtrZ2igni+iKItuR0g==",
      "requires": {
        "bluebird": "3.5.1",
        "carrier": "0.3.0",
        "debug": "2.6.9",
        "hashring": "3.2.0",
        "immutable": "3.8.2",
        "lodash": "4.17.4",
        "ramda": "0.24.1"
      }
    },
    "ms": {
      "version": "2.0.0",
      "resolved": "https://registry.npmjs.org/ms/-/ms-2.0.0.tgz",
      "integrity": "sha1-VgiurfwAvmwpAd9fmGF4jeDVl8g="
    },
    "nan": {
      "version": "1.0.0",
      "resolved": "https://registry.npmjs.org/nan/-/nan-1.0.0.tgz",
      "integrity": "sha1-riT4hQgY1mL8q1rPfzuVv6oszzg="
    },
    "options": {
      "version": "0.0.6",
      "resolved": "https://registry.npmjs.org/options/-/options-0.0.6.tgz",
      "integrity": "sha1-7CLTEoBrtT5zF3Pnza788cZDEo8="
    },
    "ramda": {
      "version": "0.24.1",
      "resolved": "https://registry.npmjs.org/ramda/-/ramda-0.24.1.tgz",
      "integrity": "sha1-w7d1UZfzW43DUCIoJixMkd22uFc="
    },
    "simple-lru-cache": {
      "version": "0.0.2",
      "resolved": "https://registry.npmjs.org/simple-lru-cache/-/simple-lru-cache-0.0.2.tgz",
      "integrity": "sha1-1ZzDoZPBpdAyD4Tucy9uRxPlEd0="
    },
    "socket.io-client": {
      "version": "0.9.16",
      "resolved": "https://registry.npmjs.org/socket.io-client/-/socket.io-client-0.9.16.tgz",
      "integrity": "sha1-TadRXF53MEHRtCOXBBW8xDDzX8Y=",
      "requires": {
        "active-x-obfuscator": "0.0.1",
        "uglify-js": "1.2.5",
        "ws": "0.4.32",
        "xmlhttprequest": "1.4.2"
      }
    },
    "tinycolor": {
      "version": "0.0.1",
      "resolved": "https://registry.npmjs.org/tinycolor/-/tinycolor-0.0.1.tgz",
      "integrity": "sha1-MgtaUtg6u1l42Bo+iH1K77FaYWQ="
    },
   "uglify-js": {
      "version": "2.8.29",
      "resolved": "https://registry.npmjs.org/uglify-js/-/uglify-js-2.8.29.tgz",
      "integrity": "sha1-KcVzMUgFe7Th913zW3qcty5qWd0="
    }
    "ws": {
      "version": "0.4.32",
      "resolved": "https://registry.npmjs.org/ws/-/ws-0.4.32.tgz",
      "integrity": "sha1-eHphVEFPPJntg8V3IVOyD+sM7DI=",
      "requires": {
        "commander": "2.1.0",
        "nan": "1.0.0",
        "options": "0.0.6",
        "tinycolor": "0.0.1"
      }
    },
    "xmlhttprequest": {
      "version": "1.4.2",
      "resolved": "https://registry.npmjs.org/xmlhttprequest/-/xmlhttprequest-1.4.2.tgz",
      "integrity": "sha1-AUU6HZvtHo8XL2SVu/TIxCYyFQA="
    },
    "zeparser": {
      "version": "0.0.5",
      "resolved": "https://registry.npmjs.org/zeparser/-/zeparser-0.0.5.tgz",
      "integrity": "sha1-A3JlYbwmjy5URPVMZlt/1KjAKeI="
    }
  }
}
